
Microsoft Visual Studio Solution File, Format Version 12.00
# Visual Studio Version 17
VisualStudioVersion = 17.14.36518.9 d17.14
MinimumVisualStudioVersion = 10.0.40219.1
Project("{FAE04EC0-301F-11D3-BF4B-00C04F79EFBC}") = "EduSiteHQ", "EduSiteHQ.csproj", "{F08E6877-14F3-4361-B45B-B7BF375C8BAB}"
EndProject
Global
	GlobalSection(SolutionConfigurationPlatforms) = preSolution
		Debug|Any CPU = Debug|Any CPU
		Release|Any CPU = Release|Any CPU
	EndGlobalSection
	GlobalSection(ProjectConfigurationPlatforms) = postSolution
		{F08E6877-14F3-4361-B45B-B7BF375C8BAB}.Debug|Any CPU.ActiveCfg = Debug|Any CPU
		{F08E6877-14F3-4361-B45B-B7BF375C8BAB}.Debug|Any CPU.Build.0 = Debug|Any CPU
		{F08E6877-14F3-4361-B45B-B7BF375C8BAB}.Release|Any CPU.ActiveCfg = Release|Any CPU
		{F08E6877-14F3-4361-B45B-B7BF375C8BAB}.Release|Any CPU.Build.0 = Release|Any CPU
	EndGlobalSection
	GlobalSection(SolutionProperties) = preSolution
		HideSolutionNode = FALSE
	EndGlobalSection
	GlobalSection(ExtensibilityGlobals) = postSolution
		SolutionGuid = {515730E0-DCD9-478D-BEF0-E6408B087D5C}
	EndGlobalSection
EndGlobal
